
Microsoft Visual Studio Solution File, Format Version 12.00
# Visual Studio Version 17
VisualStudioVersion = 17.4.33213.308
MinimumVisualStudioVersion = 10.0.40219.1
Project("{9A19103F-16F7-4668-BE54-9A1E7A4F7556}") = "Xunit.Assertation.Extensions", "Xunit.Assertation.Extensions\Xunit.Assertation.Extensions.csproj", "{5962FDD8-E677-4908-A7E1-B1ADF1EA4937}"
EndProject
Project("{9A19103F-16F7-4668-BE54-9A1E7A4F7556}") = "Xunit.Assertation.Extensions.Test", "Xunit.Assertation.Extensions.Test\Xunit.Assertation.Extensions.Test.csproj", "{B83B0796-4FEE-43AC-A8D6-D508423ECF67}"
EndProject
Project("{9A19103F-16F7-4668-BE54-9A1E7A4F7556}") = "Xunit.Extended", "Xunit.Extended\Xunit.Extended.csproj", "{CDC62D49-2FD4-4580-B0A5-BE9117788DD0}"
EndProject
Project("{2150E333-8FDC-42A3-9474-1A3956D46DE8}") = "Элементы решения", "Элементы решения", "{55D17749-303D-4ADD-B9C0-679355B7D489}"
	ProjectSection(SolutionItems) = preProject
		.github\workflows\ci.yml = .github\workflows\ci.yml
		.github\workflows\nuget-push.yml = .github\workflows\nuget-push.yml
		README.md = README.md
	EndProjectSection
EndProject
Global
	GlobalSection(SolutionConfigurationPlatforms) = preSolution
		Debug|Any CPU = Debug|Any CPU
		Release|Any CPU = Release|Any CPU
	EndGlobalSection
	GlobalSection(ProjectConfigurationPlatforms) = postSolution
		{5962FDD8-E677-4908-A7E1-B1ADF1EA4937}.Debug|Any CPU.ActiveCfg = Debug|Any CPU
		{5962FDD8-E677-4908-A7E1-B1ADF1EA4937}.Debug|Any CPU.Build.0 = Debug|Any CPU
		{5962FDD8-E677-4908-A7E1-B1ADF1EA4937}.Release|Any CPU.ActiveCfg = Release|Any CPU
		{5962FDD8-E677-4908-A7E1-B1ADF1EA4937}.Release|Any CPU.Build.0 = Release|Any CPU
		{B83B0796-4FEE-43AC-A8D6-D508423ECF67}.Debug|Any CPU.ActiveCfg = Debug|Any CPU
		{B83B0796-4FEE-43AC-A8D6-D508423ECF67}.Debug|Any CPU.Build.0 = Debug|Any CPU
		{B83B0796-4FEE-43AC-A8D6-D508423ECF67}.Release|Any CPU.ActiveCfg = Release|Any CPU
		{B83B0796-4FEE-43AC-A8D6-D508423ECF67}.Release|Any CPU.Build.0 = Release|Any CPU
		{CDC62D49-2FD4-4580-B0A5-BE9117788DD0}.Debug|Any CPU.ActiveCfg = Debug|Any CPU
		{CDC62D49-2FD4-4580-B0A5-BE9117788DD0}.Debug|Any CPU.Build.0 = Debug|Any CPU
		{CDC62D49-2FD4-4580-B0A5-BE9117788DD0}.Release|Any CPU.ActiveCfg = Release|Any CPU
		{CDC62D49-2FD4-4580-B0A5-BE9117788DD0}.Release|Any CPU.Build.0 = Release|Any CPU
	EndGlobalSection
	GlobalSection(SolutionProperties) = preSolution
		HideSolutionNode = FALSE
	EndGlobalSection
	GlobalSection(ExtensibilityGlobals) = postSolution
		SolutionGuid = {4505031A-79A6-40EC-A145-9F320CF12FD1}
	EndGlobalSection
EndGlobal
